<?xml version="1.0" encoding="utf-8"?>
<Project ToolsVersion="4.0" xmlns="http://schemas.microsoft.com/developer/msbuild/2003">
  <ItemGroup>
    <Filter Include="Source Files">
      <UniqueIdentifier>{4FC737F1-C7A5-4376-A066-2A32D752A2FF}</UniqueIdentifier>
      <Extensions>cpp;c;cc;cxx;c++;cppm;ixx;def;odl;idl;hpj;bat;asm;asmx</Extensions>
    </Filter>
    <Filter Include="Header Files">
      <UniqueIdentifier>{93995380-89BD-4b04-88EB-625FBE52EBFB}</UniqueIdentifier>
      <Extensions>h;hh;hpp;hxx;h++;hm;inl;inc;ipp;xsd</Extensions>
    </Filter>
    <Filter Include="Resource Files">
      <UniqueIdentifier>{67DA6AB6-F800-4c08-8B7A-83BB121AAD01}</UniqueIdentifier>
      <Extensions>rc;ico;cur;bmp;dlg;rc2;rct;bin;rgs;gif;jpg;jpeg;jpe;resx;tiff;tif;png;wav;mfcribbon-ms</Extensions>
    </Filter>
  </ItemGroup>
  <ItemGroup>
    <ClCompile Include="external\imgui\dx11\imgui_impl_dx11.cpp">
      <Filter>Source Files</Filter>
    </ClCompile>
    <ClCompile Include="external\imgui\win32\imgui_impl_win32.cpp">
      <Filter>Source Files</Filter>
    </ClCompile>
    <ClCompile Include="external\imgui\imgui.cpp">
      <Filter>Source Files</Filter>
    </ClCompile>
    <ClCompile Include="external\imgui\imgui_demo.cpp">
      <Filter>Source Files</Filter>
    </ClCompile>
    <ClCompile Include="external\imgui\imgui_draw.cpp">
      <Filter>Source Files</Filter>
    </ClCompile>
    <ClCompile Include="external\imgui\imgui_tables.cpp">
      <Filter>Source Files</Filter>
    </ClCompile>
    <ClCompile Include="external\imgui\imgui_widgets.cpp">
      <Filter>Source Files</Filter>
    </ClCompile>
    <ClCompile Include="main.cpp">
      <Filter>Source Files</Filter>
    </ClCompile>
    <ClCompile Include="ui\wrappers\ImGui\functions\LogToFile.cpp">
      <Filter>Source Files</Filter>
    </ClCompile>
    <ClCompile Include="ui\wrappers\ImGui\functions\SaveIniSettingsToDisk.cpp">
      <Filter>Source Files</Filter>
    </ClCompile>
    <ClCompile Include="ui\wrappers\ImGui\Button.cpp">
      <Filter>Source Files</Filter>
    </ClCompile>
    <ClCompile Include="ui\style\animations.cpp">
      <Filter>Source Files</Filter>
    </ClCompile>
    <ClCompile Include="ui\Win32\window_functions.cpp">
      <Filter>Source Files</Filter>
    </ClCompile>
    <ClCompile Include="ui\Win32\window_effects.cpp">
      <Filter>Source Files</Filter>
    </ClCompile>
    <ClCompile Include="ui\Win32\d3d_create.cpp">
      <Filter>Source Files</Filter>
    </ClCompile>
    <ClCompile Include="ui\ui.cpp">
      <Filter>Source Files</Filter>
    </ClCompile>
    <ClCompile Include="ui\functions.cpp">
      <Filter>Source Files</Filter>
    </ClCompile>
    <ClCompile Include="ui\style\theme_setup.cpp">
      <Filter>Source Files</Filter>
    </ClCompile>
    <ClCompile Include="ui\debug\debug.cpp">
      <Filter>Source Files</Filter>
    </ClCompile>
    <ClCompile Include="ui\Win32\window_move.cpp">
      <Filter>Source Files</Filter>
    </ClCompile>
    <ClCompile Include="ui\render\titlebar.cpp">
      <Filter>Source Files</Filter>
    </ClCompile>
    <ClCompile Include="ui\render\sidebar.cpp">
      <Filter>Source Files</Filter>
    </ClCompile>
    <ClCompile Include="ui\wrappers\ImGui\Scrollbar.cpp">
      <Filter>Source Files</Filter>
    </ClCompile>
    <ClCompile Include="ui\wrappers\ImGui\functions\RenderFrameBorderAnimated.cpp">
      <Filter>Source Files</Filter>
    </ClCompile>
    <ClCompile Include="ui\render\groupbox.cpp">
      <Filter>Source Files</Filter>
    </ClCompile>
    <ClCompile Include="ui\style\tab_switch.cpp">
      <Filter>Source Files</Filter>
    </ClCompile>
    <ClCompile Include="ui\wrappers\ImGui\TabButton.cpp">
      <Filter>Source Files</Filter>
    </ClCompile>
    <ClCompile Include="ui\wrappers\ImGui\AddRectFilledHalfRounded.cpp">
      <Filter>Source Files</Filter>
    </ClCompile>
    <ClCompile Include="ui\wrappers\ImGui\AddRectFilledMultiColorRounded.cpp">
      <Filter>Source Files</Filter>
    </ClCompile>
    <ClCompile Include="ui\initialize.cpp">
      <Filter>Source Files</Filter>
    </ClCompile>
    <ClCompile Include="ui\render\text.cpp">
      <Filter>Source Files</Filter>
    </ClCompile>
    <ClCompile Include="ui\style\accents.cpp">
      <Filter>Source Files</Filter>
    </ClCompile>
    <ClCompile Include="ui\wrappers\ImGui\functions\RenderFrameAnimated.cpp">
      <Filter>Source Files</Filter>
    </ClCompile>
    <ClCompile Include="ui\wrappers\ImGui\Checkbox.cpp">
      <Filter>Source Files</Filter>
    </ClCompile>
    <ClCompile Include="ui\wrappers\ImGui\functions\RenderFrameBorderColor.cpp">
      <Filter>Source Files</Filter>
    </ClCompile>
    <ClCompile Include="ui\wrappers\ImGui\ColorPicker.cpp">
      <Filter>Source Files</Filter>
    </ClCompile>
    <ClCompile Include="ui\wrappers\ImGui\Combo.cpp">
      <Filter>Source Files</Filter>
    </ClCompile>
    <ClCompile Include="ui\wrappers\ImGui\functions\RenderSymbols.cpp">
      <Filter>Source Files</Filter>
    </ClCompile>
    <ClCompile Include="ui\wrappers\ImGui\functions\AddFontFromFileTTF.cpp">
      <Filter>Source Files</Filter>
    </ClCompile>
    <ClCompile Include="ui\inputsystem.cpp">
      <Filter>Source Files</Filter>
    </ClCompile>
  </ItemGroup>
  <ItemGroup>
    <ClInclude Include="external\imgui\dx11\imgui_impl_dx11.h">
      <Filter>Header Files</Filter>
    </ClInclude>
    <ClInclude Include="external\imgui\win32\imgui_impl_win32.h">
      <Filter>Header Files</Filter>
    </ClInclude>
    <ClInclude Include="external\imgui\imconfig.h">
      <Filter>Header Files</Filter>
    </ClInclude>
    <ClInclude Include="external\imgui\imgui.h">
      <Filter>Header Files</Filter>
    </ClInclude>
    <ClInclude Include="external\imgui\imgui_internal.h">
      <Filter>Header Files</Filter>
    </ClInclude>
    <ClInclude Include="external\imgui\imstb_rectpack.h">
      <Filter>Header Files</Filter>
    </ClInclude>
    <ClInclude Include="external\imgui\imstb_textedit.h">
      <Filter>Header Files</Filter>
    </ClInclude>
    <ClInclude Include="external\imgui\imstb_truetype.h">
      <Filter>Header Files</Filter>
    </ClInclude>
    <ClInclude Include="ui\ui.h">
      <Filter>Header Files</Filter>
    </ClInclude>
    <ClInclude Include="ui\Win32\ui_Win32.h">
      <Filter>Header Files</Filter>
    </ClInclude>
    <ClInclude Include="ui\debug\debug.h">
      <Filter>Header Files</Filter>
    </ClInclude>
    <ClInclude Include="ui\style\style.h">
      <Filter>Header Files</Filter>
    </ClInclude>
    <ClInclude Include="ui\render\render.h">
      <Filter>Header Files</Filter>
    </ClInclude>
    <ClInclude Include="ui\resources\resources.h">
      <Filter>Header Files</Filter>
    </ClInclude>
    <ClInclude Include="ui\wrappers\wrappers.h">
      <Filter>Header Files</Filter>
    </ClInclude>
  </ItemGroup>
</Project>